{
  "name": "@bu0nq/style.scss.constants",
  "version": "0.1.0",
  "lockfileVersion": 3,
  "requires": true,
  "packages": {
    "": {
      "name": "@bu0nq/style.scss.constants",
      "version": "0.1.0",
      "license": "MIT",
      "dependencies": {
        "@bu0nq/style.scss.constant.breakpoint": "github:bu0nq/style.scss.constant.breakpoint",
        "@bu0nq/style.scss.constant.content": "github:bu0nq/style.scss.constant.content",
        "@bu0nq/style.scss.constant.rounded": "github:bu0nq/style.scss.constant.rounded",
        "@bu0nq/style.scss.constant.spacing": "github:bu0nq/style.scss.constant.spacing",
        "@bu0nq/style.scss.constant.text-line-height": "github:bu0nq/style.scss.constant.text-line-height",
        "@bu0nq/style.scss.constant.text-size": "github:bu0nq/style.scss.constant.text-size"
      }
    },
    "node_modules/@bu0nq/style.scss.constant.breakpoint": {
      "version": "0.1.0",
      "resolved": "git+ssh://git@github.com/bu0nq/style.scss.constant.breakpoint.git#50dcf2a62e7cb8c4bee7f1d5f873f430b68b88a2",
      "license": "MIT"
    },
    "node_modules/@bu0nq/style.scss.constant.content": {
      "version": "0.1.0",
      "resolved": "git+ssh://git@github.com/bu0nq/style.scss.constant.content.git#e33b8f6d0164a8d8c71d0cf24e9c3e9afb48dea5",
      "license": "MIT"
    },
    "node_modules/@bu0nq/style.scss.constant.rounded": {
      "version": "0.1.0",
      "resolved": "git+ssh://git@github.com/bu0nq/style.scss.constant.rounded.git#e37893d8eab1f23e01315109fa81a4ba6ba35591",
      "license": "MIT"
    },
    "node_modules/@bu0nq/style.scss.constant.spacing": {
      "version": "0.1.0",
      "resolved": "git+ssh://git@github.com/bu0nq/style.scss.constant.spacing.git#a5495472e36ba8dfbfd8aef2bc7676775933429f",
      "license": "MIT"
    },
    "node_modules/@bu0nq/style.scss.constant.text-line-height": {
      "version": "0.1.0",
      "resolved": "git+ssh://git@github.com/bu0nq/style.scss.constant.text-line-height.git#ceabfeca88315ead8f82c120f64ed67d9584b05f",
      "license": "MIT"
    },
    "node_modules/@bu0nq/style.scss.constant.text-size": {
      "version": "0.1.0",
      "resolved": "git+ssh://git@github.com/bu0nq/style.scss.constant.text-size.git#2e8df2de684e9aa31dc4e1a1b206d7faf6ede96f",
      "license": "MIT"
    }
  }
}
