{
  "name": "@bu0nq/style.scss.constants",
  "version": "0.1.0",
  "lockfileVersion": 3,
  "requires": true,
  "packages": {
    "": {
      "name": "@bu0nq/style.scss.constants",
      "version": "0.1.0",
      "license": "MIT",
      "dependencies": {
        "@bu0nq/style.scss.constant.breakpoint": "github:bu0nq/style.scss.constant.breakpoint",
        "@bu0nq/style.scss.constant.content": "github:bu0nq/style.scss.constant.content",
        "@bu0nq/style.scss.constant.radius": "github:bu0nq/style.scss.constant.radius",
        "@bu0nq/style.scss.constant.spacing": "github:bu0nq/style.scss.constant.spacing"
      }
    },
    "node_modules/@bu0nq/style.scss.constant.breakpoint": {
      "version": "0.1.0",
      "resolved": "git+ssh://git@github.com/bu0nq/style.scss.constant.breakpoint.git#0ce218b34f734c1ebaccc4930b68ed383d0aa0d8",
      "license": "MIT"
    },
    "node_modules/@bu0nq/style.scss.constant.content": {
      "version": "0.1.0",
      "resolved": "git+ssh://git@github.com/bu0nq/style.scss.constant.content.git#e88fe8ce626bcdba134dd84acc6c57e52603f6d1",
      "license": "MIT"
    },
    "node_modules/@bu0nq/style.scss.constant.radius": {
      "version": "0.1.0",
      "resolved": "git+ssh://git@github.com/bu0nq/style.scss.constant.radius.git#8386dd1387377ddb79d108bf6c962cd7ad97a4d3",
      "license": "MIT"
    },
    "node_modules/@bu0nq/style.scss.constant.spacing": {
      "version": "0.1.0",
      "resolved": "git+ssh://git@github.com/bu0nq/style.scss.constant.spacing.git#ef48596ea7223aec937a33add2323c21d6bb0440",
      "license": "MIT"
    }
  }
}
