{
  "name": "@bu0nq/style.scss.constants",
  "version": "0.1.0",
  "lockfileVersion": 3,
  "requires": true,
  "packages": {
    "": {
      "name": "@bu0nq/style.scss.constants",
      "version": "0.1.0",
      "license": "MIT",
      "dependencies": {
        "@bu0nq/style.scss.constant.breakpoint": "^0.1.0"
      }
    },
    "node_modules/@bu0nq/style.scss.constant.breakpoint": {
      "version": "0.1.0",
      "resolved": "https://registry.npmjs.org/@bu0nq/style.scss.constant.breakpoint/-/style.scss.constant.breakpoint-0.1.0.tgz",
      "integrity": "sha512-SueaF0kGy0SVWku/ZPj+AF6xJ5Jp4CGcwRQBKokOHReEAWHjzAYPSoZnTJTKhwp3PRul0Z5Vpm4azdeVIAu+Wg==",
      "license": "MIT"
    }
  }
}
